github.com/aws/aws-sdk-go-v2 v1.24.0 h1:890+mqQ+hTpNuw0gGP6/4akolQkSToDJgHfQE7g5+ToA=
github.com/aws/aws-sdk-go-v2 v1.24.0/go.mod h1:LNh45Br1YAkEKaAqvmE1m/lFK+jEz2/m+qSgnzxHIdb=
github.com/aws/aws-sdk-go-v2/config v1.26.1 h1:xYf0FQJ8nVd7aLONRJB3ELLgDUqejKaKm8afrXO8PKs=
github.com/aws/aws-sdk-go-v2/config v1.26.1/go.mod h1:3yTYoD4pN/QoEaA2Nc9YnqZ2pW9wSGKfQ0/8hvq/Veo=
github.com/aws/aws-sdk-go-v2/credentials v1.16.12 h1:CBm/2STUrGxIr6vj3p2Y0ZqC/lAJTcnlg+2mxWEhBsw=
github.com/aws/aws-sdk-go-v2/credentials v1.16.12/go.mod h1:3EZIZ8DQ4Hlj8TiYLfQ3S4v1w8JfTlZKHLgTgm6bUiE=
github.com/aws/aws-sdk-go-v2/feature/ec2/imds v1.14.10 h1:r1pnxbTrW4RZvq6fqJhCWnBKR4LEvv6oNa3GHPW+5EQ=
github.com/aws/aws-sdk-go-v2/feature/ec2/imds v1.14.10/go.mod h1:Y4hW6J1R4p80/w0mpx4XhZx/VqVPTdnAI+qeLNu7n6c=
github.com/aws/aws-sdk-go-v2/internal/configsources v1.2.9 h1:bt5t4dRqzMVD1IrN6EtyVAzl5+MkqS3VAEv6XqBjHBE=
github.com/aws/aws-sdk-go-v2/internal/configsources v1.2.9/go.mod h1:sWDpgfWDQ5d3MzUYwZ7B+fLFSUmIW5G6A1VvOfnNHGM=
github.com/aws/aws-sdk-go-v2/internal/endpoints/v2 v2.5.9 h1:KKKjH/sInwCR/xLGLJTMzaWj8eDK52B1+oeT7R9mCec=
github.com/aws/aws-sdk-go-v2/internal/endpoints/v2 v2.5.9/go.mod h1:EbWKlx+k8qVNxC0/eMRYxFNFLm2YiGgSc8mmpCnNBU4=
github.com/aws/aws-sdk-go-v2/internal/ini v1.7.2 h1:QYfIvV0h1MdS6L1RpMgEWcE1h8IjIFTsNP9EhEHGVFo=
github.com/aws/aws-sdk-go-v2/internal/ini v1.7.2/go.mod h1:VGbI3YhWvW99CfZVHRfhGQC7dGrFcYOmv3zWECvdF5o=
github.com/aws/aws-sdk-go-v2/service/bedrockruntime v1.7.1 h1:cJHc0q8Ub+qYWYX2kNjktSGtKoJ6q7/Q1OT4b5KN5x0=
github.com/aws/aws-sdk-go-v2/service/bedrockruntime v1.7.1/go.mod h1:XTWgdHfAeEJlXe5LKckJQjfCOvHfKpg8/cvE2WLDlnk=
github.com/aws/aws-sdk-go-v2/service/internal/accept-encoding v1.10.4 h1:Fx4hUC5jMl6n7M4vu6CjmJk0lJM8yTdp7tgT2zFdI/0=
github.com/aws/aws-sdk-go-v2/service/internal/accept-encoding v1.10.4/go.mod h1:9Hnx18ZEFHL3Jh7L9rBgG9RWjKS7DP2VW8Ur9oeF2yA=
github.com/aws/aws-sdk-go-v2/service/internal/presigned-url v1.10.9 h1:jXApqmR6sNGr3+gzHFMq0RcV3g+RPj+yFc5JFGPq8q0=
github.com/aws/aws-sdk-go-v2/service/internal/presigned-url v1.10.9/go.mod h1:QE8j8rFwE4/yFrq86Vhl/YiYMt3nv7Vv5rUpRU9SzAY=
github.com/aws/aws-sdk-go-v2/service/sso v1.18.5 h1:ZNVU3BbEsLfkVW7SRb60l3FMDE+nV4qZYh5zNNWAAuU=
github.com/aws/aws-sdk-go-v2/service/sso v1.18.5/go.mod h1:4TGEVKtCzTTTaOFWNWlCHa7hKbN8vIkwz3b8QHRkx8s=
github.com/aws/aws-sdk-go-v2/service/ssooidc v1.21.5 h1:8EZOVe+w9/6Shu5TBXtdaWo12wkXwfqWW9GBPXOFZPo=
github.com/aws/aws-sdk-go-v2/service/ssooidc v1.21.5/go.mod h1:7OU/zrSIuSkp8BnmCmKdKyVLKqTOhNEYCzGZ3M/fEz0=
github.com/aws/aws-sdk-go-v2/service/sts v1.26.5 h1:5UYhPdlCuQ6zZKjx5BrdyiTYrHhM2eCKf6L8x9/nscU=
github.com/aws/aws-sdk-go-v2/service/sts v1.26.5/go.mod h1:+M4yZE7gp6jJj6sEJaEVJL2e+JIz4vqCQCdJHRLTaVs=
github.com/aws/smithy-go v1.19.0 h1:KWFKQV80DpP3vJrrA9sVAHQ5gc2z8i4EzrLhLlWXcBM=
github.com/aws/smithy-go v1.19.0/go.mod h1:NukqUGpCZIILqqiV0NIjeFh24kd/FAa4beRb6nbIUPE=
github.com/gorilla/mux v1.8.1 h1:TuBL49tXwgrFYWhqrNgrUNNY/KQ3XLcxBEBEPcgtJzM=
github.com/gorilla/mux v1.8.1/go.mod h1:AKf9I4AEqPTmMytcMc0KkNouC66V3BtZ4qD5fmws9S8=
